
Microsoft Visual Studio Solution File, Format Version 12.00
# Visual Studio Version 16
VisualStudioVersion = 16.0.29709.97
MinimumVisualStudioVersion = 10.0.40219.1
Project("{FAE04EC0-301F-11D3-BF4B-00C04F79EFBC}") = "CreditLimitCalculator", "CreditLimitCalculator\CreditLimitCalculator.csproj", "{512DC959-A8A1-4CEE-A9E8-340B951462F1}"
EndProject
Global
	GlobalSection(SolutionConfigurationPlatforms) = preSolution
		Debug|Any CPU = Debug|Any CPU
		Release|Any CPU = Release|Any CPU
	EndGlobalSection
	GlobalSection(ProjectConfigurationPlatforms) = postSolution
		{512DC959-A8A1-4CEE-A9E8-340B951462F1}.Debug|Any CPU.ActiveCfg = Debug|Any CPU
		{512DC959-A8A1-4CEE-A9E8-340B951462F1}.Debug|Any CPU.Build.0 = Debug|Any CPU
		{512DC959-A8A1-4CEE-A9E8-340B951462F1}.Release|Any CPU.ActiveCfg = Release|Any CPU
		{512DC959-A8A1-4CEE-A9E8-340B951462F1}.Release|Any CPU.Build.0 = Release|Any CPU
	EndGlobalSection
	GlobalSection(SolutionProperties) = preSolution
		HideSolutionNode = FALSE
	EndGlobalSection
	GlobalSection(ExtensibilityGlobals) = postSolution
		SolutionGuid = {E652B8B8-A3A6-4740-AE52-2DA737F88C00}
	EndGlobalSection
EndGlobal
